
Microsoft Visual Studio Solution File, Format Version 12.00
# Visual Studio Version 17
VisualStudioVersion = 17.9.34728.123
MinimumVisualStudioVersion = 10.0.40219.1
Project("{FAE04EC0-301F-11D3-BF4B-00C04F79EFBC}") = "PROMCOSER_API", "PROMCOSER_API\PROMCOSER_API.csproj", "{F27CB7DE-D439-4C23-BB2B-29FB3B69B776}"
EndProject
Project("{FAE04EC0-301F-11D3-BF4B-00C04F79EFBC}") = "PROMCOSER_DOMAIN", "PROMCOSER_DOMAIN\PROMCOSER_DOMAIN.csproj", "{DA168573-9AC9-4CDC-BE49-FB5EB5F3B343}"
EndProject
Global
	GlobalSection(SolutionConfigurationPlatforms) = preSolution
		Debug|Any CPU = Debug|Any CPU
		Release|Any CPU = Release|Any CPU
	EndGlobalSection
	GlobalSection(ProjectConfigurationPlatforms) = postSolution
		{F27CB7DE-D439-4C23-BB2B-29FB3B69B776}.Debug|Any CPU.ActiveCfg = Debug|Any CPU
		{F27CB7DE-D439-4C23-BB2B-29FB3B69B776}.Debug|Any CPU.Build.0 = Debug|Any CPU
		{F27CB7DE-D439-4C23-BB2B-29FB3B69B776}.Release|Any CPU.ActiveCfg = Release|Any CPU
		{F27CB7DE-D439-4C23-BB2B-29FB3B69B776}.Release|Any CPU.Build.0 = Release|Any CPU
		{DA168573-9AC9-4CDC-BE49-FB5EB5F3B343}.Debug|Any CPU.ActiveCfg = Debug|Any CPU
		{DA168573-9AC9-4CDC-BE49-FB5EB5F3B343}.Debug|Any CPU.Build.0 = Debug|Any CPU
		{DA168573-9AC9-4CDC-BE49-FB5EB5F3B343}.Release|Any CPU.ActiveCfg = Release|Any CPU
		{DA168573-9AC9-4CDC-BE49-FB5EB5F3B343}.Release|Any CPU.Build.0 = Release|Any CPU
	EndGlobalSection
	GlobalSection(SolutionProperties) = preSolution
		HideSolutionNode = FALSE
	EndGlobalSection
	GlobalSection(ExtensibilityGlobals) = postSolution
		SolutionGuid = {BE6930B3-0D90-46F1-9AD7-EEC59E5ABFF1}
	EndGlobalSection
EndGlobal
